// !$*UTF8*$!
{
	archiveVersion = 1;
	classes = {
	};
	objectVersion = 46;
	objects = {

/* Begin PBXBuildFile section */
		0C38609915AB7EDA002A4EAC /* UIKit.framework in Frameworks */ = {isa = PBXBuildFile; fileRef = 0C38609815AB7EDA002A4EAC /* UIKit.framework */; };
		0C38609B15AB7EDA002A4EAC /* Foundation.framework in Frameworks */ = {isa = PBXBuildFile; fileRef = 0C38609A15AB7EDA002A4EAC /* Foundation.framework */; };
		0C38609D15AB7EDA002A4EAC /* CoreGraphics.framework in Frameworks */ = {isa = PBXBuildFile; fileRef = 0C38609C15AB7EDA002A4EAC /* CoreGraphics.framework */; };
		0C3860A315AB7EDA002A4EAC /* InfoPlist.strings in Resources */ = {isa = PBXBuildFile; fileRef = 0C3860A115AB7EDA002A4EAC /* InfoPlist.strings */; };
		0C3860A515AB7EDA002A4EAC /* main.m in Sources */ = {isa = PBXBuildFile; fileRef = 0C3860A415AB7EDA002A4EAC /* main.m */; };
		0C3860A915AB7EDA002A4EAC /* SFAppDelegate.m in Sources */ = {isa = PBXBuildFile; fileRef = 0C3860A815AB7EDA002A4EAC /* SFAppDelegate.m */; };
		0C3860AC15AB7EDA002A4EAC /* SFViewController.m in Sources */ = {isa = PBXBuildFile; fileRef = 0C3860AB15AB7EDA002A4EAC /* SFViewController.m */; };
		0C3860AF15AB7EDA002A4EAC /* SFViewController.xib in Resources */ = {isa = PBXBuildFile; fileRef = 0C3860AD15AB7EDA002A4EAC /* SFViewController.xib */; };
		0C3860B615AB80D8002A4EAC /* CoreImage.framework in Frameworks */ = {isa = PBXBuildFile; fileRef = 0C3860B515AB80D8002A4EAC /* CoreImage.framework */; settings = {ATTRIBUTES = (Required, ); }; };
		0C3860B815AB8150002A4EAC /* image.png in Resources */ = {isa = PBXBuildFile; fileRef = 0C3860B715AB8150002A4EAC /* image.png */; };
		0C3860BB15AB8B9A002A4EAC /* AssetsLibrary.framework in Frameworks */ = {isa = PBXBuildFile; fileRef = 0C3860BA15AB8B9A002A4EAC /* AssetsLibrary.framework */; };
		0C859D4115B8FEDC00C506DF /* SFViewController-iPad.xib in Resources */ = {isa = PBXBuildFile; fileRef = 0C859D3F15B8FEDC00C506DF /* SFViewController-iPad.xib */; };
		A62ECA4615BFAF6400E159E3 /* MessageUI.framework in Frameworks */ = {isa = PBXBuildFile; fileRef = A62ECA4515BFAF6400E159E3 /* MessageUI.framework */; };
		A62ECA5015C0770200E159E3 /* SFImportViewController.m in Sources */ = {isa = PBXBuildFile; fileRef = A62ECA4E15C0770200E159E3 /* SFImportViewController.m */; };
		A62ECA5115C0770200E159E3 /* SFImportViewController.xib in Resources */ = {isa = PBXBuildFile; fileRef = A62ECA4F15C0770200E159E3 /* SFImportViewController.xib */; };
		A651706D15BD1741008E6679 /* CoreData.framework in Frameworks */ = {isa = PBXBuildFile; fileRef = A651706C15BD1741008E6679 /* CoreData.framework */; };
		A651707615BDA094008E6679 /* SFLoadFilterController.m in Sources */ = {isa = PBXBuildFile; fileRef = A651707415BDA094008E6679 /* SFLoadFilterController.m */; };
		A651707715BDA094008E6679 /* SFLoadFilterController.xib in Resources */ = {isa = PBXBuildFile; fileRef = A651707515BDA094008E6679 /* SFLoadFilterController.xib */; };
		A651709415BE652F008E6679 /* .gitignore in Resources */ = {isa = PBXBuildFile; fileRef = A651707D15BE652F008E6679 /* .gitignore */; };
		A651709615BE652F008E6679 /* UIImage+ProportionalFill.m in Sources */ = {isa = PBXBuildFile; fileRef = A651708215BE652F008E6679 /* UIImage+ProportionalFill.m */; };
		A651709715BE652F008E6679 /* UIImage+Tint.m in Sources */ = {isa = PBXBuildFile; fileRef = A651708415BE652F008E6679 /* UIImage+Tint.m */; };
		A651709D15BE652F008E6679 /* README.markdown in Resources */ = {isa = PBXBuildFile; fileRef = A651708E15BE652F008E6679 /* README.markdown */; };
		A651709E15BE652F008E6679 /* Source Code License.rtf in Resources */ = {isa = PBXBuildFile; fileRef = A651708F15BE652F008E6679 /* Source Code License.rtf */; };
		A6FE3FEC15BCAFD5006096C4 /* arrow.png in Resources */ = {isa = PBXBuildFile; fileRef = A6FE3FEB15BCAFD5006096C4 /* arrow.png */; };
/* End PBXBuildFile section */

/* Begin PBXFileReference section */
		0C38609415AB7EDA002A4EAC /* SeeFilters.app */ = {isa = PBXFileReference; explicitFileType = wrapper.application; includeInIndex = 0; path = SeeFilters.app; sourceTree = BUILT_PRODUCTS_DIR; };
		0C38609815AB7EDA002A4EAC /* UIKit.framework */ = {isa = PBXFileReference; lastKnownFileType = wrapper.framework; name = UIKit.framework; path = System/Library/Frameworks/UIKit.framework; sourceTree = SDKROOT; };
		0C38609A15AB7EDA002A4EAC /* Foundation.framework */ = {isa = PBXFileReference; lastKnownFileType = wrapper.framework; name = Foundation.framework; path = System/Library/Frameworks/Foundation.framework; sourceTree = SDKROOT; };
		0C38609C15AB7EDA002A4EAC /* CoreGraphics.framework */ = {isa = PBXFileReference; lastKnownFileType = wrapper.framework; name = CoreGraphics.framework; path = System/Library/Frameworks/CoreGraphics.framework; sourceTree = SDKROOT; };
		0C3860A015AB7EDA002A4EAC /* SeeFilters-Info.plist */ = {isa = PBXFileReference; lastKnownFileType = text.plist.xml; path = "SeeFilters-Info.plist"; sourceTree = "<group>"; };
		0C3860A215AB7EDA002A4EAC /* en */ = {isa = PBXFileReference; lastKnownFileType = text.plist.strings; name = en; path = en.lproj/InfoPlist.strings; sourceTree = "<group>"; };
		0C3860A415AB7EDA002A4EAC /* main.m */ = {isa = PBXFileReference; lastKnownFileType = sourcecode.c.objc; path = main.m; sourceTree = "<group>"; };
		0C3860A615AB7EDA002A4EAC /* SeeFilters-Prefix.pch */ = {isa = PBXFileReference; lastKnownFileType = sourcecode.c.h; path = "SeeFilters-Prefix.pch"; sourceTree = "<group>"; };
		0C3860A715AB7EDA002A4EAC /* SFAppDelegate.h */ = {isa = PBXFileReference; lastKnownFileType = sourcecode.c.h; path = SFAppDelegate.h; sourceTree = "<group>"; };
		0C3860A815AB7EDA002A4EAC /* SFAppDelegate.m */ = {isa = PBXFileReference; lastKnownFileType = sourcecode.c.objc; path = SFAppDelegate.m; sourceTree = "<group>"; };
		0C3860AA15AB7EDA002A4EAC /* SFViewController.h */ = {isa = PBXFileReference; lastKnownFileType = sourcecode.c.h; path = SFViewController.h; sourceTree = "<group>"; };
		0C3860AB15AB7EDA002A4EAC /* SFViewController.m */ = {isa = PBXFileReference; lastKnownFileType = sourcecode.c.objc; path = SFViewController.m; sourceTree = "<group>"; };
		0C3860AE15AB7EDA002A4EAC /* en */ = {isa = PBXFileReference; lastKnownFileType = file.xib; name = en; path = en.lproj/SFViewController.xib; sourceTree = "<group>"; };
		0C3860B515AB80D8002A4EAC /* CoreImage.framework */ = {isa = PBXFileReference; lastKnownFileType = wrapper.framework; name = CoreImage.framework; path = System/Library/Frameworks/CoreImage.framework; sourceTree = SDKROOT; };
		0C3860B715AB8150002A4EAC /* image.png */ = {isa = PBXFileReference; lastKnownFileType = image.png; path = image.png; sourceTree = "<group>"; };
		0C3860BA15AB8B9A002A4EAC /* AssetsLibrary.framework */ = {isa = PBXFileReference; lastKnownFileType = wrapper.framework; name = AssetsLibrary.framework; path = System/Library/Frameworks/AssetsLibrary.framework; sourceTree = SDKROOT; };
		0C859D4015B8FEDC00C506DF /* en */ = {isa = PBXFileReference; lastKnownFileType = file.xib; name = en; path = "en.lproj/SFViewController-iPad.xib"; sourceTree = "<group>"; };
		A62ECA4515BFAF6400E159E3 /* MessageUI.framework */ = {isa = PBXFileReference; lastKnownFileType = wrapper.framework; name = MessageUI.framework; path = System/Library/Frameworks/MessageUI.framework; sourceTree = SDKROOT; };
		A62ECA4D15C0770200E159E3 /* SFImportViewController.h */ = {isa = PBXFileReference; fileEncoding = 4; lastKnownFileType = sourcecode.c.h; path = SFImportViewController.h; sourceTree = "<group>"; };
		A62ECA4E15C0770200E159E3 /* SFImportViewController.m */ = {isa = PBXFileReference; fileEncoding = 4; lastKnownFileType = sourcecode.c.objc; path = SFImportViewController.m; sourceTree = "<group>"; };
		A62ECA4F15C0770200E159E3 /* SFImportViewController.xib */ = {isa = PBXFileReference; fileEncoding = 4; lastKnownFileType = file.xib; path = SFImportViewController.xib; sourceTree = "<group>"; };
		A651706C15BD1741008E6679 /* CoreData.framework */ = {isa = PBXFileReference; lastKnownFileType = wrapper.framework; name = CoreData.framework; path = System/Library/Frameworks/CoreData.framework; sourceTree = SDKROOT; };
		A651707315BDA094008E6679 /* SFLoadFilterController.h */ = {isa = PBXFileReference; fileEncoding = 4; lastKnownFileType = sourcecode.c.h; path = SFLoadFilterController.h; sourceTree = "<group>"; };
		A651707415BDA094008E6679 /* SFLoadFilterController.m */ = {isa = PBXFileReference; fileEncoding = 4; lastKnownFileType = sourcecode.c.objc; path = SFLoadFilterController.m; sourceTree = "<group>"; };
		A651707515BDA094008E6679 /* SFLoadFilterController.xib */ = {isa = PBXFileReference; fileEncoding = 4; lastKnownFileType = file.xib; path = SFLoadFilterController.xib; sourceTree = "<group>"; };
		A651707D15BE652F008E6679 /* .gitignore */ = {isa = PBXFileReference; fileEncoding = 4; lastKnownFileType = text; path = .gitignore; sourceTree = "<group>"; };
		A651708115BE652F008E6679 /* UIImage+ProportionalFill.h */ = {isa = PBXFileReference; fileEncoding = 4; lastKnownFileType = sourcecode.c.h; path = "UIImage+ProportionalFill.h"; sourceTree = "<group>"; };
		A651708215BE652F008E6679 /* UIImage+ProportionalFill.m */ = {isa = PBXFileReference; fileEncoding = 4; lastKnownFileType = sourcecode.c.objc; path = "UIImage+ProportionalFill.m"; sourceTree = "<group>"; };
		A651708315BE652F008E6679 /* UIImage+Tint.h */ = {isa = PBXFileReference; fileEncoding = 4; lastKnownFileType = sourcecode.c.h; path = "UIImage+Tint.h"; sourceTree = "<group>"; };
		A651708415BE652F008E6679 /* UIImage+Tint.m */ = {isa = PBXFileReference; fileEncoding = 4; lastKnownFileType = sourcecode.c.objc; path = "UIImage+Tint.m"; sourceTree = "<group>"; };
		A651708E15BE652F008E6679 /* README.markdown */ = {isa = PBXFileReference; fileEncoding = 4; lastKnownFileType = text; path = README.markdown; sourceTree = "<group>"; };
		A651708F15BE652F008E6679 /* Source Code License.rtf */ = {isa = PBXFileReference; fileEncoding = 4; lastKnownFileType = text.rtf; path = "Source Code License.rtf"; sourceTree = "<group>"; };
		A6FE3FEB15BCAFD5006096C4 /* arrow.png */ = {isa = PBXFileReference; lastKnownFileType = image.png; path = arrow.png; sourceTree = "<group>"; };
/* End PBXFileReference section */

/* Begin PBXFrameworksBuildPhase section */
		0C38609115AB7EDA002A4EAC /* Frameworks */ = {
			isa = PBXFrameworksBuildPhase;
			buildActionMask = 2147483647;
			files = (
				A62ECA4615BFAF6400E159E3 /* MessageUI.framework in Frameworks */,
				A651706D15BD1741008E6679 /* CoreData.framework in Frameworks */,
				0C3860BB15AB8B9A002A4EAC /* AssetsLibrary.framework in Frameworks */,
				0C3860B615AB80D8002A4EAC /* CoreImage.framework in Frameworks */,
				0C38609915AB7EDA002A4EAC /* UIKit.framework in Frameworks */,
				0C38609B15AB7EDA002A4EAC /* Foundation.framework in Frameworks */,
				0C38609D15AB7EDA002A4EAC /* CoreGraphics.framework in Frameworks */,
			);
			runOnlyForDeploymentPostprocessing = 0;
		};
/* End PBXFrameworksBuildPhase section */

/* Begin PBXGroup section */
		0C38608915AB7EDA002A4EAC = {
			isa = PBXGroup;
			children = (
				0C38609E15AB7EDA002A4EAC /* SeeFilters */,
				0C38609715AB7EDA002A4EAC /* Frameworks */,
				0C38609515AB7EDA002A4EAC /* Products */,
				0C3860B915AB8154002A4EAC /* Resources */,
			);
			sourceTree = "<group>";
		};
		0C38609515AB7EDA002A4EAC /* Products */ = {
			isa = PBXGroup;
			children = (
				0C38609415AB7EDA002A4EAC /* SeeFilters.app */,
			);
			name = Products;
			sourceTree = "<group>";
		};
		0C38609715AB7EDA002A4EAC /* Frameworks */ = {
			isa = PBXGroup;
			children = (
				A62ECA4515BFAF6400E159E3 /* MessageUI.framework */,
				A651706C15BD1741008E6679 /* CoreData.framework */,
				0C3860BA15AB8B9A002A4EAC /* AssetsLibrary.framework */,
				0C3860B515AB80D8002A4EAC /* CoreImage.framework */,
				0C38609815AB7EDA002A4EAC /* UIKit.framework */,
				0C38609A15AB7EDA002A4EAC /* Foundation.framework */,
				0C38609C15AB7EDA002A4EAC /* CoreGraphics.framework */,
			);
			name = Frameworks;
			sourceTree = "<group>";
		};
		0C38609E15AB7EDA002A4EAC /* SeeFilters */ = {
			isa = PBXGroup;
			children = (
				0C3860A715AB7EDA002A4EAC /* SFAppDelegate.h */,
				0C3860A815AB7EDA002A4EAC /* SFAppDelegate.m */,
				0C3860AA15AB7EDA002A4EAC /* SFViewController.h */,
				0C3860AB15AB7EDA002A4EAC /* SFViewController.m */,
				0C3860AD15AB7EDA002A4EAC /* SFViewController.xib */,
				0C859D3F15B8FEDC00C506DF /* SFViewController-iPad.xib */,
				A651707C15BE652F008E6679 /* MGImageUtilities */,
				0C38609F15AB7EDA002A4EAC /* Supporting Files */,
				A651707315BDA094008E6679 /* SFLoadFilterController.h */,
				A651707415BDA094008E6679 /* SFLoadFilterController.m */,
				A651707515BDA094008E6679 /* SFLoadFilterController.xib */,
				A62ECA4D15C0770200E159E3 /* SFImportViewController.h */,
				A62ECA4E15C0770200E159E3 /* SFImportViewController.m */,
				A62ECA4F15C0770200E159E3 /* SFImportViewController.xib */,
			);
			path = SeeFilters;
			sourceTree = "<group>";
		};
		0C38609F15AB7EDA002A4EAC /* Supporting Files */ = {
			isa = PBXGroup;
			children = (
				0C3860A015AB7EDA002A4EAC /* SeeFilters-Info.plist */,
				0C3860A115AB7EDA002A4EAC /* InfoPlist.strings */,
				0C3860A415AB7EDA002A4EAC /* main.m */,
				0C3860A615AB7EDA002A4EAC /* SeeFilters-Prefix.pch */,
			);
			name = "Supporting Files";
			sourceTree = "<group>";
		};
		0C3860B915AB8154002A4EAC /* Resources */ = {
			isa = PBXGroup;
			children = (
				A6FE3FEB15BCAFD5006096C4 /* arrow.png */,
				0C3860B715AB8150002A4EAC /* image.png */,
			);
			name = Resources;
			sourceTree = "<group>";
		};
		A651707C15BE652F008E6679 /* MGImageUtilities */ = {
			isa = PBXGroup;
			children = (
				A651707D15BE652F008E6679 /* .gitignore */,
				A651707E15BE652F008E6679 /* Classes */,
				A651708E15BE652F008E6679 /* README.markdown */,
				A651708F15BE652F008E6679 /* Source Code License.rtf */,
			);
			path = MGImageUtilities;
			sourceTree = "<group>";
		};
		A651707E15BE652F008E6679 /* Classes */ = {
			isa = PBXGroup;
			children = (
				A651708115BE652F008E6679 /* UIImage+ProportionalFill.h */,
				A651708215BE652F008E6679 /* UIImage+ProportionalFill.m */,
				A651708315BE652F008E6679 /* UIImage+Tint.h */,
				A651708415BE652F008E6679 /* UIImage+Tint.m */,
			);
			path = Classes;
			sourceTree = "<group>";
		};
/* End PBXGroup section */

/* Begin PBXNativeTarget section */
		0C38609315AB7EDA002A4EAC /* SeeFilters */ = {
			isa = PBXNativeTarget;
			buildConfigurationList = 0C3860B215AB7EDA002A4EAC /* Build configuration list for PBXNativeTarget "SeeFilters" */;
			buildPhases = (
				0C38609015AB7EDA002A4EAC /* Sources */,
				0C38609115AB7EDA002A4EAC /* Frameworks */,
				0C38609215AB7EDA002A4EAC /* Resources */,
			);
			buildRules = (
			);
			dependencies = (
			);
			name = SeeFilters;
			productName = SeeFilters;
			productReference = 0C38609415AB7EDA002A4EAC /* SeeFilters.app */;
			productType = "com.apple.product-type.application";
		};
/* End PBXNativeTarget section */

/* Begin PBXProject section */
		0C38608B15AB7EDA002A4EAC /* Project object */ = {
			isa = PBXProject;
			attributes = {
				CLASSPREFIX = SF;
				LastUpgradeCheck = 0500;
				TargetAttributes = {
					0C38609315AB7EDA002A4EAC = {
						DevelopmentTeam = C7FJS9SLNW;
					};
				};
			};
			buildConfigurationList = 0C38608E15AB7EDA002A4EAC /* Build configuration list for PBXProject "SeeFilters" */;
			compatibilityVersion = "Xcode 3.2";
			developmentRegion = English;
			hasScannedForEncodings = 0;
			knownRegions = (
				en,
			);
			mainGroup = 0C38608915AB7EDA002A4EAC;
			productRefGroup = 0C38609515AB7EDA002A4EAC /* Products */;
			projectDirPath = "";
			projectRoot = "";
			targets = (
				0C38609315AB7EDA002A4EAC /* SeeFilters */,
			);
		};
/* End PBXProject section */

/* Begin PBXResourcesBuildPhase section */
		0C38609215AB7EDA002A4EAC /* Resources */ = {
			isa = PBXResourcesBuildPhase;
			buildActionMask = 2147483647;
			files = (
				0C3860A315AB7EDA002A4EAC /* InfoPlist.strings in Resources */,
				0C3860AF15AB7EDA002A4EAC /* SFViewController.xib in Resources */,
				0C3860B815AB8150002A4EAC /* image.png in Resources */,
				0C859D4115B8FEDC00C506DF /* SFViewController-iPad.xib in Resources */,
				A6FE3FEC15BCAFD5006096C4 /* arrow.png in Resources */,
				A651707715BDA094008E6679 /* SFLoadFilterController.xib in Resources */,
				A651709415BE652F008E6679 /* .gitignore in Resources */,
				A651709D15BE652F008E6679 /* README.markdown in Resources */,
				A651709E15BE652F008E6679 /* Source Code License.rtf in Resources */,
				A62ECA5115C0770200E159E3 /* SFImportViewController.xib in Resources */,
			);
			runOnlyForDeploymentPostprocessing = 0;
		};
/* End PBXResourcesBuildPhase section */

/* Begin PBXSourcesBuildPhase section */
		0C38609015AB7EDA002A4EAC /* Sources */ = {
			isa = PBXSourcesBuildPhase;
			buildActionMask = 2147483647;
			files = (
				0C3860A515AB7EDA002A4EAC /* main.m in Sources */,
				0C3860A915AB7EDA002A4EAC /* SFAppDelegate.m in Sources */,
				0C3860AC15AB7EDA002A4EAC /* SFViewController.m in Sources */,
				A651707615BDA094008E6679 /* SFLoadFilterController.m in Sources */,
				A651709615BE652F008E6679 /* UIImage+ProportionalFill.m in Sources */,
				A651709715BE652F008E6679 /* UIImage+Tint.m in Sources */,
				A62ECA5015C0770200E159E3 /* SFImportViewController.m in Sources */,
			);
			runOnlyForDeploymentPostprocessing = 0;
		};
/* End PBXSourcesBuildPhase section */

/* Begin PBXVariantGroup section */
		0C3860A115AB7EDA002A4EAC /* InfoPlist.strings */ = {
			isa = PBXVariantGroup;
			children = (
				0C3860A215AB7EDA002A4EAC /* en */,
			);
			name = InfoPlist.strings;
			sourceTree = "<group>";
		};
		0C3860AD15AB7EDA002A4EAC /* SFViewController.xib */ = {
			isa = PBXVariantGroup;
			children = (
				0C3860AE15AB7EDA002A4EAC /* en */,
			);
			name = SFViewController.xib;
			sourceTree = "<group>";
		};
		0C859D3F15B8FEDC00C506DF /* SFViewController-iPad.xib */ = {
			isa = PBXVariantGroup;
			children = (
				0C859D4015B8FEDC00C506DF /* en */,
			);
			name = "SFViewController-iPad.xib";
			sourceTree = "<group>";
		};
/* End PBXVariantGroup section */

/* Begin XCBuildConfiguration section */
		0C3860B015AB7EDA002A4EAC /* Debug */ = {
			isa = XCBuildConfiguration;
			buildSettings = {
				ALWAYS_SEARCH_USER_PATHS = NO;
				CLANG_ENABLE_OBJC_ARC = YES;
				CLANG_WARN_BOOL_CONVERSION = YES;
				CLANG_WARN_CONSTANT_CONVERSION = YES;
				CLANG_WARN_EMPTY_BODY = YES;
				CLANG_WARN_ENUM_CONVERSION = YES;
				CLANG_WARN_INT_CONVERSION = YES;
				CLANG_WARN__DUPLICATE_METHOD_MATCH = YES;
				"CODE_SIGN_IDENTITY[sdk=iphoneos*]" = "iPhone Developer";
				COPY_PHASE_STRIP = NO;
				GCC_C_LANGUAGE_STANDARD = gnu99;
				GCC_DYNAMIC_NO_PIC = NO;
				GCC_OPTIMIZATION_LEVEL = 0;
				GCC_PREPROCESSOR_DEFINITIONS = (
					"DEBUG=1",
					"$(inherited)",
				);
				GCC_SYMBOLS_PRIVATE_EXTERN = NO;
				GCC_VERSION = com.apple.compilers.llvm.clang.1_0;
				GCC_WARN_ABOUT_RETURN_TYPE = YES;
				GCC_WARN_UNDECLARED_SELECTOR = YES;
				GCC_WARN_UNINITIALIZED_AUTOS = YES;
				GCC_WARN_UNUSED_FUNCTION = YES;
				GCC_WARN_UNUSED_VARIABLE = YES;
				IPHONEOS_DEPLOYMENT_TARGET = 5.1;
				ONLY_ACTIVE_ARCH = YES;
				SDKROOT = iphoneos;
			};
			name = Debug;
		};
		0C3860B115AB7EDA002A4EAC /* Release */ = {
			isa = XCBuildConfiguration;
			buildSettings = {
				ALWAYS_SEARCH_USER_PATHS = NO;
				CLANG_ENABLE_OBJC_ARC = YES;
				CLANG_WARN_BOOL_CONVERSION = YES;
				CLANG_WARN_CONSTANT_CONVERSION = YES;
				CLANG_WARN_EMPTY_BODY = YES;
				CLANG_WARN_ENUM_CONVERSION = YES;
				CLANG_WARN_INT_CONVERSION = YES;
				CLANG_WARN__DUPLICATE_METHOD_MATCH = YES;
				"CODE_SIGN_IDENTITY[sdk=iphoneos*]" = "iPhone Developer";
				COPY_PHASE_STRIP = YES;
				GCC_C_LANGUAGE_STANDARD = gnu99;
				GCC_VERSION = com.apple.compilers.llvm.clang.1_0;
				GCC_WARN_ABOUT_RETURN_TYPE = YES;
				GCC_WARN_UNDECLARED_SELECTOR = YES;
				GCC_WARN_UNINITIALIZED_AUTOS = YES;
				GCC_WARN_UNUSED_FUNCTION = YES;
				GCC_WARN_UNUSED_VARIABLE = YES;
				IPHONEOS_DEPLOYMENT_TARGET = 5.1;
				OTHER_CFLAGS = "-DNS_BLOCK_ASSERTIONS=1";
				SDKROOT = iphoneos;
				VALIDATE_PRODUCT = YES;
			};
			name = Release;
		};
		0C3860B315AB7EDA002A4EAC /* Debug */ = {
			isa = XCBuildConfiguration;
			buildSettings = {
				CODE_SIGN_IDENTITY = "iPhone Developer";
				"CODE_SIGN_IDENTITY[sdk=iphoneos*]" = "iPhone Developer";
				GCC_PRECOMPILE_PREFIX_HEADER = YES;
				GCC_PREFIX_HEADER = "SeeFilters/SeeFilters-Prefix.pch";
				INFOPLIST_FILE = "SeeFilters/SeeFilters-Info.plist";
				PRODUCT_NAME = "$(TARGET_NAME)";
				PROVISIONING_PROFILE = "";
				TARGETED_DEVICE_FAMILY = "1,2";
				WRAPPER_EXTENSION = app;
			};
			name = Debug;
		};
		0C3860B415AB7EDA002A4EAC /* Release */ = {
			isa = XCBuildConfiguration;
			buildSettings = {
				CODE_SIGN_IDENTITY = "iPhone Developer";
				"CODE_SIGN_IDENTITY[sdk=iphoneos*]" = "iPhone Developer";
				GCC_PRECOMPILE_PREFIX_HEADER = YES;
				GCC_PREFIX_HEADER = "SeeFilters/SeeFilters-Prefix.pch";
				INFOPLIST_FILE = "SeeFilters/SeeFilters-Info.plist";
				PRODUCT_NAME = "$(TARGET_NAME)";
				PROVISIONING_PROFILE = "";
				TARGETED_DEVICE_FAMILY = "1,2";
				WRAPPER_EXTENSION = app;
			};
			name = Release;
		};
		C86AD26515BDE8EC006AC2E9 /* Distribution */ = {
			isa = XCBuildConfiguration;
			buildSettings = {
				ALWAYS_SEARCH_USER_PATHS = NO;
				CLANG_ENABLE_OBJC_ARC = YES;
				CLANG_WARN_BOOL_CONVERSION = YES;
				CLANG_WARN_CONSTANT_CONVERSION = YES;
				CLANG_WARN_EMPTY_BODY = YES;
				CLANG_WARN_ENUM_CONVERSION = YES;
				CLANG_WARN_INT_CONVERSION = YES;
				CLANG_WARN__DUPLICATE_METHOD_MATCH = YES;
				"CODE_SIGN_IDENTITY[sdk=iphoneos*]" = "iPhone Distribution";
				COPY_PHASE_STRIP = YES;
				GCC_C_LANGUAGE_STANDARD = gnu99;
				GCC_VERSION = com.apple.compilers.llvm.clang.1_0;
				GCC_WARN_ABOUT_RETURN_TYPE = YES;
				GCC_WARN_UNDECLARED_SELECTOR = YES;
				GCC_WARN_UNINITIALIZED_AUTOS = YES;
				GCC_WARN_UNUSED_FUNCTION = YES;
				GCC_WARN_UNUSED_VARIABLE = YES;
				IPHONEOS_DEPLOYMENT_TARGET = 5.1;
				OTHER_CFLAGS = "-DNS_BLOCK_ASSERTIONS=1";
				"PROVISIONING_PROFILE[sdk=iphoneos*]" = "";
				SDKROOT = iphoneos;
				VALIDATE_PRODUCT = YES;
			};
			name = Distribution;
		};
		C86AD26615BDE8EC006AC2E9 /* Distribution */ = {
			isa = XCBuildConfiguration;
			buildSettings = {
				CODE_SIGN_IDENTITY = "iPhone Developer";
				"CODE_SIGN_IDENTITY[sdk=iphoneos*]" = "iPhone Developer";
				GCC_PRECOMPILE_PREFIX_HEADER = YES;
				GCC_PREFIX_HEADER = "SeeFilters/SeeFilters-Prefix.pch";
				INFOPLIST_FILE = "SeeFilters/SeeFilters-Info.plist";
				PRODUCT_NAME = "$(TARGET_NAME)";
				PROVISIONING_PROFILE = "";
				TARGETED_DEVICE_FAMILY = "1,2";
				WRAPPER_EXTENSION = app;
			};
			name = Distribution;
		};
/* End XCBuildConfiguration section */

/* Begin XCConfigurationList section */
		0C38608E15AB7EDA002A4EAC /* Build configuration list for PBXProject "SeeFilters" */ = {
			isa = XCConfigurationList;
			buildConfigurations = (
				0C3860B015AB7EDA002A4EAC /* Debug */,
				0C3860B115AB7EDA002A4EAC /* Release */,
				C86AD26515BDE8EC006AC2E9 /* Distribution */,
			);
			defaultConfigurationIsVisible = 0;
			defaultConfigurationName = Release;
		};
		0C3860B215AB7EDA002A4EAC /* Build configuration list for PBXNativeTarget "SeeFilters" */ = {
			isa = XCConfigurationList;
			buildConfigurations = (
				0C3860B315AB7EDA002A4EAC /* Debug */,
				0C3860B415AB7EDA002A4EAC /* Release */,
				C86AD26615BDE8EC006AC2E9 /* Distribution */,
			);
			defaultConfigurationIsVisible = 0;
			defaultConfigurationName = Release;
		};
/* End XCConfigurationList section */
	};
	rootObject = 0C38608B15AB7EDA002A4EAC /* Project object */;
}
